
Microsoft Visual Studio Solution File, Format Version 12.00
# Visual Studio Version 17
VisualStudioVersion = 17.10.35004.147
MinimumVisualStudioVersion = 10.0.40219.1
Project("{FAE04EC0-301F-11D3-BF4B-00C04F79EFBC}") = "CodingExample", "CodingExample.csproj", "{5F9EDBBA-FC5A-4431-8D1F-3AFE26478236}"
EndProject
Project("{2150E333-8FDC-42A3-9474-1A3956D46DE8}") = "Documentation", "Documentation", "{A66431CD-C2CC-4DF2-9025-4885712B029F}"
	ProjectSection(SolutionItems) = preProject
		..\OctopusDeployInterview\Deployments.json = ..\OctopusDeployInterview\Deployments.json
		..\OctopusDeployInterview\Environments.json = ..\OctopusDeployInterview\Environments.json
		..\OctopusDeployInterview\Projects.json = ..\OctopusDeployInterview\Projects.json
		..\OctopusDeployInterview\Releases.json = ..\OctopusDeployInterview\Releases.json
		..\OctopusDeployInterview\Start Here - Instructions - Release Retention.md = ..\OctopusDeployInterview\Start Here - Instructions - Release Retention.md
	EndProjectSection
EndProject
Project("{FAE04EC0-301F-11D3-BF4B-00C04F79EFBC}") = "CodingExample.Tests", "..\CodingExample.Tests\CodingExample.Tests.csproj", "{EFBFF86B-1EB0-45C6-BB7F-D037EEB3B7E8}"
EndProject
Global
	GlobalSection(SolutionConfigurationPlatforms) = preSolution
		Debug|Any CPU = Debug|Any CPU
		Release|Any CPU = Release|Any CPU
	EndGlobalSection
	GlobalSection(ProjectConfigurationPlatforms) = postSolution
		{5F9EDBBA-FC5A-4431-8D1F-3AFE26478236}.Debug|Any CPU.ActiveCfg = Debug|Any CPU
		{5F9EDBBA-FC5A-4431-8D1F-3AFE26478236}.Debug|Any CPU.Build.0 = Debug|Any CPU
		{5F9EDBBA-FC5A-4431-8D1F-3AFE26478236}.Release|Any CPU.ActiveCfg = Release|Any CPU
		{5F9EDBBA-FC5A-4431-8D1F-3AFE26478236}.Release|Any CPU.Build.0 = Release|Any CPU
		{EFBFF86B-1EB0-45C6-BB7F-D037EEB3B7E8}.Debug|Any CPU.ActiveCfg = Debug|Any CPU
		{EFBFF86B-1EB0-45C6-BB7F-D037EEB3B7E8}.Debug|Any CPU.Build.0 = Debug|Any CPU
		{EFBFF86B-1EB0-45C6-BB7F-D037EEB3B7E8}.Release|Any CPU.ActiveCfg = Release|Any CPU
		{EFBFF86B-1EB0-45C6-BB7F-D037EEB3B7E8}.Release|Any CPU.Build.0 = Release|Any CPU
	EndGlobalSection
	GlobalSection(SolutionProperties) = preSolution
		HideSolutionNode = FALSE
	EndGlobalSection
	GlobalSection(ExtensibilityGlobals) = postSolution
		SolutionGuid = {E1BE31E8-0997-4406-9780-2BE1AD5733CE}
	EndGlobalSection
EndGlobal
